{
  "name": "@ganorberg/algorithms-javascript",
  "version": "0.1.0",
  "lockfileVersion": 1,
  "requires": true,
  "dependencies": {
    "@ganorberg/data-structures-javascript": {
      "version": "0.1.0",
      "resolved": "https://registry.npmjs.org/@ganorberg/data-structures-javascript/-/data-structures-javascript-0.1.0.tgz",
      "integrity": "sha512-iKdW/YnOlcgU7SmOViWEUMjQuf4WFss/apn+ZiJ4qjYCvaToUFCjdCZ7Hk8L2dSrAaAW41zltgUoRvRTEJVkkA=="
    }
  }
}
